bash=5.3.9-r1
brotli-libs=1.2.0-r1
c-ares=1.34.8-r0
ca-certificates=20260611-r0
git=2.54.0-r0
git-init-template=2.54.0-r0
jq=1.8.1-r0
libcurl=8.21.0-r0
libedit=20260508.3.1-r1
libexpat=2.8.2-r0
libidn2=2.3.8-r0
libncursesw=6.6_p20260516-r0
libpsl=0.21.5-r3
libunistring=1.4.2-r0
ncurses-terminfo-base=6.6_p20260516-r0
nghttp2-libs=1.69.0-r0
oniguruma=6.9.10-r0
openssh-client-common=10.3_p1-r0
openssh-client-default=10.3_p1-r0
openssh-keygen=10.3_p1-r0
pcre2=10.47-r1
readline=8.3.3-r1
ripgrep=15.1.0-r0
zstd-libs=1.5.7-r2
